
Microsoft Visual Studio Solution File, Format Version 12.00
# Visual Studio Version 16
VisualStudioVersion = 16.0.33801.447
MinimumVisualStudioVersion = 10.0.40219.1
Project("{FAE04EC0-301F-11D3-BF4B-00C04F79EFBC}") = "Guess The Number Game", "Guess The Number Game.csproj", "{38EBEECB-804A-4343-82C8-6D65A4A7755B}"
EndProject
Global
	GlobalSection(SolutionConfigurationPlatforms) = preSolution
		Debug|Any CPU = Debug|Any CPU
		Release|Any CPU = Release|Any CPU
	EndGlobalSection
	GlobalSection(ProjectConfigurationPlatforms) = postSolution
		{38EBEECB-804A-4343-82C8-6D65A4A7755B}.Debug|Any CPU.ActiveCfg = Debug|Any CPU
		{38EBEECB-804A-4343-82C8-6D65A4A7755B}.Debug|Any CPU.Build.0 = Debug|Any CPU
		{38EBEECB-804A-4343-82C8-6D65A4A7755B}.Release|Any CPU.ActiveCfg = Release|Any CPU
		{38EBEECB-804A-4343-82C8-6D65A4A7755B}.Release|Any CPU.Build.0 = Release|Any CPU
	EndGlobalSection
	GlobalSection(SolutionProperties) = preSolution
		HideSolutionNode = FALSE
	EndGlobalSection
	GlobalSection(ExtensibilityGlobals) = postSolution
		SolutionGuid = {D6DD1551-F192-4AB9-B223-06A77FD84E6F}
	EndGlobalSection
EndGlobal
